<?xml version="1.0" encoding="utf-8"?>
<Project ToolsVersion="4.0" xmlns="http://schemas.microsoft.com/developer/msbuild/2003">
  <ItemGroup>
    <Filter Include="Source Files">
      <UniqueIdentifier>{4FC737F1-C7A5-4376-A066-2A32D752A2FF}</UniqueIdentifier>
      <Extensions>cpp;c;cc;cxx;def;odl;idl;hpj;bat;asm;asmx</Extensions>
    </Filter>
    <Filter Include="Header Files">
      <UniqueIdentifier>{93995380-89BD-4b04-88EB-625FBE52EBFB}</UniqueIdentifier>
      <Extensions>h;hh;hpp;hxx;hm;inl;inc;ipp;xsd</Extensions>
    </Filter>
    <Filter Include="Resource Files">
      <UniqueIdentifier>{67DA6AB6-F800-4c08-8B7A-83BB121AAD01}</UniqueIdentifier>
      <Extensions>rc;ico;cur;bmp;dlg;rc2;rct;bin;rgs;gif;jpg;jpeg;jpe;resx;tiff;tif;png;wav;mfcribbon-ms</Extensions>
    </Filter>
  </ItemGroup>
  <ItemGroup>
    <ClInclude Include="pch.h">
      <Filter>Header Files</Filter>
    </ClInclude>
    <ClInclude Include="Algoritmo.h">
      <Filter>Header Files</Filter>
    </ClInclude>
    <ClInclude Include="AlgoritmoMochila.h">
      <Filter>Header Files</Filter>
    </ClInclude>
    <ClInclude Include="Ambiente.h">
      <Filter>Header Files</Filter>
    </ClInclude>
    <ClInclude Include="AmbienteMochila.h">
      <Filter>Header Files</Filter>
    </ClInclude>
    <ClInclude Include="CriaturaMochila.h">
      <Filter>Header Files</Filter>
    </ClInclude>
    <ClInclude Include="Poblacion.h">
      <Filter>Header Files</Filter>
    </ClInclude>
    <ClInclude Include="ZonaFranca.h">
      <Filter>Header Files</Filter>
    </ClInclude>
    <ClInclude Include="Criatura.h">
      <Filter>Header Files</Filter>
    </ClInclude>
  </ItemGroup>
  <ItemGroup>
    <ClCompile Include="pch.cpp">
      <Filter>Source Files</Filter>
    </ClCompile>
    <ClCompile Include="Genetico.cpp">
      <Filter>Source Files</Filter>
    </ClCompile>
    <ClCompile Include="AlgoritmoMochila.cpp">
      <Filter>Source Files</Filter>
    </ClCompile>
    <ClCompile Include="AmbienteMochila.cpp">
      <Filter>Source Files</Filter>
    </ClCompile>
    <ClCompile Include="CriaturaMochila.cpp">
      <Filter>Source Files</Filter>
    </ClCompile>
    <ClCompile Include="Poblacion.cpp">
      <Filter>Source Files</Filter>
    </ClCompile>
    <ClCompile Include="ZonaFranca.cpp">
      <Filter>Source Files</Filter>
    </ClCompile>
  </ItemGroup>
</Project>